# THIS IS AN AUTOGENERATED FILE. DO NOT EDIT THIS FILE DIRECTLY.
# yarn lockfile v1


"@types/object-hash@^3.0.6":
  version "3.0.6"
  resolved "https://registry.yarnpkg.com/@types/object-hash/-/object-hash-3.0.6.tgz#25c052428199d374ef723b7b0ed44b5bfe1b3029"
  integrity sha512-fOBV8C1FIu2ELinoILQ+ApxcUKz4ngq+IWUYrxSGjXzzjUALijilampwkMgEtJ+h2njAW3pi853QpzNVCHB73w==

"@types/pako@^2.0.3":
  version "2.0.3"
  resolved "https://registry.yarnpkg.com/@types/pako/-/pako-2.0.3.tgz#b6993334f3af27c158f3fe0dfeeba987c578afb1"
  integrity sha512-bq0hMV9opAcrmE0Byyo0fY3Ew4tgOevJmQ9grUhpXQhYfyLJ1Kqg3P33JT5fdbT2AjeAjR51zqqVjAL/HMkx7Q==

object-hash@^3.0.0:
  version "3.0.0"
  resolved "https://registry.yarnpkg.com/object-hash/-/object-hash-3.0.0.tgz#73f97f753e7baffc0e2cc9d6e079079744ac82e9"
  integrity sha512-RSn9F68PjH9HqtltsSnqYC1XXoWe9Bju5+213R98cNGttag9q9yAOTzdbsqvIa7aNm5WffBZFpWYr2aWrklWAw==

pako@^2.1.0:
  version "2.1.0"
  resolved "https://registry.yarnpkg.com/pako/-/pako-2.1.0.tgz#266cc37f98c7d883545d11335c00fbd4062c9a86"
  integrity sha512-w+eufiZ1WuJYgPXbV/PO3NCMEc3xqylkKHzp8bxp1uW4qaSNQUkwmLLEc3kKsfz8lpV1F8Ht3U1Cm+9Srog2ug==
